// !$*UTF8*$!
{
	archiveVersion = 1;
	classes = {
	};
	objectVersion = 46;
	objects = {

/* Begin PBXBuildFile section */
		3401356A1515088700431F3D /* OmniFoundation.framework in Frameworks */ = {isa = PBXBuildFile; fileRef = 340135691515088700431F3D /* OmniFoundation.framework */; };
		34FC151A151500EE00719719 /* Cocoa.framework in Frameworks */ = {isa = PBXBuildFile; fileRef = 34FC1519151500EE00719719 /* Cocoa.framework */; };
		34FC1524151500EE00719719 /* InfoPlist.strings in Resources */ = {isa = PBXBuildFile; fileRef = 34FC1522151500EE00719719 /* InfoPlist.strings */; };
		34FC1526151500EE00719719 /* main.m in Sources */ = {isa = PBXBuildFile; fileRef = 34FC1525151500EE00719719 /* main.m */; };
		34FC152A151500EE00719719 /* Credits.rtf in Resources */ = {isa = PBXBuildFile; fileRef = 34FC1528151500EE00719719 /* Credits.rtf */; };
		34FC152D151500EE00719719 /* AppDelegate.m in Sources */ = {isa = PBXBuildFile; fileRef = 34FC152C151500EE00719719 /* AppDelegate.m */; };
		34FC1530151500EE00719719 /* MainMenu.xib in Resources */ = {isa = PBXBuildFile; fileRef = 34FC152E151500EE00719719 /* MainMenu.xib */; };
		34FC15391515027C00719719 /* julia.cpp in Sources */ = {isa = PBXBuildFile; fileRef = 34FC15381515027C00719719 /* julia.cpp */; };
/* End PBXBuildFile section */

/* Begin PBXFileReference section */
		340135691515088700431F3D /* OmniFoundation.framework */ = {isa = PBXFileReference; lastKnownFileType = wrapper.framework; path = OmniFoundation.framework; sourceTree = BUILT_PRODUCTS_DIR; };
		34FC1515151500EE00719719 /* IIMJulia.app */ = {isa = PBXFileReference; explicitFileType = wrapper.application; includeInIndex = 0; path = IIMJulia.app; sourceTree = BUILT_PRODUCTS_DIR; };
		34FC1519151500EE00719719 /* Cocoa.framework */ = {isa = PBXFileReference; lastKnownFileType = wrapper.framework; name = Cocoa.framework; path = System/Library/Frameworks/Cocoa.framework; sourceTree = SDKROOT; };
		34FC151C151500EE00719719 /* AppKit.framework */ = {isa = PBXFileReference; lastKnownFileType = wrapper.framework; name = AppKit.framework; path = System/Library/Frameworks/AppKit.framework; sourceTree = SDKROOT; };
		34FC151D151500EE00719719 /* CoreData.framework */ = {isa = PBXFileReference; lastKnownFileType = wrapper.framework; name = CoreData.framework; path = System/Library/Frameworks/CoreData.framework; sourceTree = SDKROOT; };
		34FC151E151500EE00719719 /* Foundation.framework */ = {isa = PBXFileReference; lastKnownFileType = wrapper.framework; name = Foundation.framework; path = System/Library/Frameworks/Foundation.framework; sourceTree = SDKROOT; };
		34FC1521151500EE00719719 /* IIMJulia-Info.plist */ = {isa = PBXFileReference; lastKnownFileType = text.plist.xml; path = "IIMJulia-Info.plist"; sourceTree = "<group>"; };
		34FC1523151500EE00719719 /* en */ = {isa = PBXFileReference; lastKnownFileType = text.plist.strings; name = en; path = en.lproj/InfoPlist.strings; sourceTree = "<group>"; };
		34FC1525151500EE00719719 /* main.m */ = {isa = PBXFileReference; lastKnownFileType = sourcecode.c.objc; path = main.m; sourceTree = "<group>"; };
		34FC1527151500EE00719719 /* IIMJulia-Prefix.pch */ = {isa = PBXFileReference; lastKnownFileType = sourcecode.c.h; path = "IIMJulia-Prefix.pch"; sourceTree = "<group>"; };
		34FC1529151500EE00719719 /* en */ = {isa = PBXFileReference; lastKnownFileType = text.rtf; name = en; path = en.lproj/Credits.rtf; sourceTree = "<group>"; };
		34FC152B151500EE00719719 /* AppDelegate.h */ = {isa = PBXFileReference; lastKnownFileType = sourcecode.c.h; path = AppDelegate.h; sourceTree = "<group>"; };
		34FC152C151500EE00719719 /* AppDelegate.m */ = {isa = PBXFileReference; lastKnownFileType = sourcecode.c.objc; path = AppDelegate.m; sourceTree = "<group>"; };
		34FC152F151500EE00719719 /* en */ = {isa = PBXFileReference; lastKnownFileType = file.xib; name = en; path = en.lproj/MainMenu.xib; sourceTree = "<group>"; };
		34FC1536151501F400719719 /* complex.hpp */ = {isa = PBXFileReference; fileEncoding = 4; lastKnownFileType = sourcecode.cpp.h; path = complex.hpp; sourceTree = "<group>"; };
		34FC15381515027C00719719 /* julia.cpp */ = {isa = PBXFileReference; fileEncoding = 4; lastKnownFileType = sourcecode.cpp.cpp; path = julia.cpp; sourceTree = "<group>"; };
		34FC153A151504FB00719719 /* extent.hpp */ = {isa = PBXFileReference; lastKnownFileType = sourcecode.cpp.h; path = extent.hpp; sourceTree = "<group>"; };
		34FC153B151505AE00719719 /* histogram.hpp */ = {isa = PBXFileReference; lastKnownFileType = sourcecode.cpp.h; path = histogram.hpp; sourceTree = "<group>"; };
/* End PBXFileReference section */

/* Begin PBXFrameworksBuildPhase section */
		34FC1512151500EE00719719 /* Frameworks */ = {
			isa = PBXFrameworksBuildPhase;
			buildActionMask = 2147483647;
			files = (
				3401356A1515088700431F3D /* OmniFoundation.framework in Frameworks */,
				34FC151A151500EE00719719 /* Cocoa.framework in Frameworks */,
			);
			runOnlyForDeploymentPostprocessing = 0;
		};
/* End PBXFrameworksBuildPhase section */

/* Begin PBXGroup section */
		34FC150A151500EE00719719 = {
			isa = PBXGroup;
			children = (
				34FC151F151500EE00719719 /* IIMJulia */,
				34FC1518151500EE00719719 /* Frameworks */,
				34FC1516151500EE00719719 /* Products */,
			);
			sourceTree = "<group>";
		};
		34FC1516151500EE00719719 /* Products */ = {
			isa = PBXGroup;
			children = (
				34FC1515151500EE00719719 /* IIMJulia.app */,
			);
			name = Products;
			sourceTree = "<group>";
		};
		34FC1518151500EE00719719 /* Frameworks */ = {
			isa = PBXGroup;
			children = (
				340135691515088700431F3D /* OmniFoundation.framework */,
				34FC1519151500EE00719719 /* Cocoa.framework */,
				34FC151B151500EE00719719 /* Other Frameworks */,
			);
			name = Frameworks;
			sourceTree = "<group>";
		};
		34FC151B151500EE00719719 /* Other Frameworks */ = {
			isa = PBXGroup;
			children = (
				34FC151C151500EE00719719 /* AppKit.framework */,
				34FC151D151500EE00719719 /* CoreData.framework */,
				34FC151E151500EE00719719 /* Foundation.framework */,
			);
			name = "Other Frameworks";
			sourceTree = "<group>";
		};
		34FC151F151500EE00719719 /* IIMJulia */ = {
			isa = PBXGroup;
			children = (
				34FC152B151500EE00719719 /* AppDelegate.h */,
				34FC152C151500EE00719719 /* AppDelegate.m */,
				34FC152E151500EE00719719 /* MainMenu.xib */,
				34FC1536151501F400719719 /* complex.hpp */,
				34FC153A151504FB00719719 /* extent.hpp */,
				34FC153B151505AE00719719 /* histogram.hpp */,
				34FC15381515027C00719719 /* julia.cpp */,
				34FC1520151500EE00719719 /* Supporting Files */,
			);
			path = IIMJulia;
			sourceTree = "<group>";
		};
		34FC1520151500EE00719719 /* Supporting Files */ = {
			isa = PBXGroup;
			children = (
				34FC1521151500EE00719719 /* IIMJulia-Info.plist */,
				34FC1522151500EE00719719 /* InfoPlist.strings */,
				34FC1525151500EE00719719 /* main.m */,
				34FC1527151500EE00719719 /* IIMJulia-Prefix.pch */,
				34FC1528151500EE00719719 /* Credits.rtf */,
			);
			name = "Supporting Files";
			sourceTree = "<group>";
		};
/* End PBXGroup section */

/* Begin PBXNativeTarget section */
		34FC1514151500EE00719719 /* IIMJulia */ = {
			isa = PBXNativeTarget;
			buildConfigurationList = 34FC1533151500EE00719719 /* Build configuration list for PBXNativeTarget "IIMJulia" */;
			buildPhases = (
				34FC1511151500EE00719719 /* Sources */,
				34FC1513151500EE00719719 /* Resources */,
				34FC1512151500EE00719719 /* Frameworks */,
			);
			buildRules = (
			);
			dependencies = (
			);
			name = IIMJulia;
			productName = IIMJulia;
			productReference = 34FC1515151500EE00719719 /* IIMJulia.app */;
			productType = "com.apple.product-type.application";
		};
/* End PBXNativeTarget section */

/* Begin PBXProject section */
		34FC150C151500EE00719719 /* Project object */ = {
			isa = PBXProject;
			attributes = {
				LastUpgradeCheck = 0430;
				ORGANIZATIONNAME = Cocoatoa;
			};
			buildConfigurationList = 34FC150F151500EE00719719 /* Build configuration list for PBXProject "IIMJulia" */;
			compatibilityVersion = "Xcode 3.2";
			developmentRegion = English;
			hasScannedForEncodings = 0;
			knownRegions = (
				en,
			);
			mainGroup = 34FC150A151500EE00719719;
			productRefGroup = 34FC1516151500EE00719719 /* Products */;
			projectDirPath = "";
			projectRoot = "";
			targets = (
				34FC1514151500EE00719719 /* IIMJulia */,
			);
		};
/* End PBXProject section */

/* Begin PBXResourcesBuildPhase section */
		34FC1513151500EE00719719 /* Resources */ = {
			isa = PBXResourcesBuildPhase;
			buildActionMask = 2147483647;
			files = (
				34FC1524151500EE00719719 /* InfoPlist.strings in Resources */,
				34FC152A151500EE00719719 /* Credits.rtf in Resources */,
				34FC1530151500EE00719719 /* MainMenu.xib in Resources */,
			);
			runOnlyForDeploymentPostprocessing = 0;
		};
/* End PBXResourcesBuildPhase section */

/* Begin PBXSourcesBuildPhase section */
		34FC1511151500EE00719719 /* Sources */ = {
			isa = PBXSourcesBuildPhase;
			buildActionMask = 2147483647;
			files = (
				34FC1526151500EE00719719 /* main.m in Sources */,
				34FC152D151500EE00719719 /* AppDelegate.m in Sources */,
				34FC15391515027C00719719 /* julia.cpp in Sources */,
			);
			runOnlyForDeploymentPostprocessing = 0;
		};
/* End PBXSourcesBuildPhase section */

/* Begin PBXVariantGroup section */
		34FC1522151500EE00719719 /* InfoPlist.strings */ = {
			isa = PBXVariantGroup;
			children = (
				34FC1523151500EE00719719 /* en */,
			);
			name = InfoPlist.strings;
			sourceTree = "<group>";
		};
		34FC1528151500EE00719719 /* Credits.rtf */ = {
			isa = PBXVariantGroup;
			children = (
				34FC1529151500EE00719719 /* en */,
			);
			name = Credits.rtf;
			sourceTree = "<group>";
		};
		34FC152E151500EE00719719 /* MainMenu.xib */ = {
			isa = PBXVariantGroup;
			children = (
				34FC152F151500EE00719719 /* en */,
			);
			name = MainMenu.xib;
			sourceTree = "<group>";
		};
/* End PBXVariantGroup section */

/* Begin XCBuildConfiguration section */
		34FC1531151500EE00719719 /* Debug */ = {
			isa = XCBuildConfiguration;
			buildSettings = {
				ALWAYS_SEARCH_USER_PATHS = NO;
				ARCHS = "$(ARCHS_STANDARD_64_BIT)";
				CLANG_ENABLE_OBJC_ARC = YES;
				COPY_PHASE_STRIP = NO;
				GCC_C_LANGUAGE_STANDARD = gnu99;
				GCC_DYNAMIC_NO_PIC = NO;
				GCC_ENABLE_OBJC_EXCEPTIONS = YES;
				GCC_OPTIMIZATION_LEVEL = 0;
				GCC_PREPROCESSOR_DEFINITIONS = (
					"DEBUG=1",
					"$(inherited)",
				);
				GCC_SYMBOLS_PRIVATE_EXTERN = NO;
				GCC_VERSION = com.apple.compilers.llvm.clang.1_0;
				GCC_WARN_64_TO_32_BIT_CONVERSION = YES;
				GCC_WARN_ABOUT_RETURN_TYPE = YES;
				GCC_WARN_UNINITIALIZED_AUTOS = YES;
				GCC_WARN_UNUSED_VARIABLE = YES;
				MACOSX_DEPLOYMENT_TARGET = 10.7;
				ONLY_ACTIVE_ARCH = YES;
				SDKROOT = macosx;
			};
			name = Debug;
		};
		34FC1532151500EE00719719 /* Release */ = {
			isa = XCBuildConfiguration;
			buildSettings = {
				ALWAYS_SEARCH_USER_PATHS = NO;
				ARCHS = "$(ARCHS_STANDARD_64_BIT)";
				CLANG_ENABLE_OBJC_ARC = YES;
				COPY_PHASE_STRIP = YES;
				DEBUG_INFORMATION_FORMAT = "dwarf-with-dsym";
				GCC_C_LANGUAGE_STANDARD = gnu99;
				GCC_ENABLE_OBJC_EXCEPTIONS = YES;
				GCC_VERSION = com.apple.compilers.llvm.clang.1_0;
				GCC_WARN_64_TO_32_BIT_CONVERSION = YES;
				GCC_WARN_ABOUT_RETURN_TYPE = YES;
				GCC_WARN_UNINITIALIZED_AUTOS = YES;
				GCC_WARN_UNUSED_VARIABLE = YES;
				MACOSX_DEPLOYMENT_TARGET = 10.7;
				SDKROOT = macosx;
			};
			name = Release;
		};
		34FC1534151500EE00719719 /* Debug */ = {
			isa = XCBuildConfiguration;
			buildSettings = {
				GCC_PRECOMPILE_PREFIX_HEADER = YES;
				GCC_PREFIX_HEADER = "IIMJulia/IIMJulia-Prefix.pch";
				INFOPLIST_FILE = "IIMJulia/IIMJulia-Info.plist";
				PRODUCT_NAME = "$(TARGET_NAME)";
				WRAPPER_EXTENSION = app;
			};
			name = Debug;
		};
		34FC1535151500EE00719719 /* Release */ = {
			isa = XCBuildConfiguration;
			buildSettings = {
				GCC_PRECOMPILE_PREFIX_HEADER = YES;
				GCC_PREFIX_HEADER = "IIMJulia/IIMJulia-Prefix.pch";
				INFOPLIST_FILE = "IIMJulia/IIMJulia-Info.plist";
				PRODUCT_NAME = "$(TARGET_NAME)";
				WRAPPER_EXTENSION = app;
			};
			name = Release;
		};
/* End XCBuildConfiguration section */

/* Begin XCConfigurationList section */
		34FC150F151500EE00719719 /* Build configuration list for PBXProject "IIMJulia" */ = {
			isa = XCConfigurationList;
			buildConfigurations = (
				34FC1531151500EE00719719 /* Debug */,
				34FC1532151500EE00719719 /* Release */,
			);
			defaultConfigurationIsVisible = 0;
			defaultConfigurationName = Release;
		};
		34FC1533151500EE00719719 /* Build configuration list for PBXNativeTarget "IIMJulia" */ = {
			isa = XCConfigurationList;
			buildConfigurations = (
				34FC1534151500EE00719719 /* Debug */,
				34FC1535151500EE00719719 /* Release */,
			);
			defaultConfigurationIsVisible = 0;
			defaultConfigurationName = Release;
		};
/* End XCConfigurationList section */
	};
	rootObject = 34FC150C151500EE00719719 /* Project object */;
}
